
Microsoft Visual Studio Solution File, Format Version 12.00
# Visual Studio Version 16
VisualStudioVersion = 16.0.28917.182
MinimumVisualStudioVersion = 10.0.40219.1
Project("{9A19103F-16F7-4668-BE54-9A1E7A4F7556}") = "Kajo.Backend", "Kajo.Backend\Kajo.Backend.csproj", "{C88C6671-49C1-4D02-BFDD-DABFD625BB65}"
EndProject
Project("{FAE04EC0-301F-11D3-BF4B-00C04F79EFBC}") = "Kajo.Common", "Kajo.Common\Kajo.Common.csproj", "{A7641F25-7A93-4BDF-9DB0-C1B4174B15EE}"
EndProject
Global
	GlobalSection(SolutionConfigurationPlatforms) = preSolution
		Debug|Any CPU = Debug|Any CPU
		Release|Any CPU = Release|Any CPU
	EndGlobalSection
	GlobalSection(ProjectConfigurationPlatforms) = postSolution
		{C88C6671-49C1-4D02-BFDD-DABFD625BB65}.Debug|Any CPU.ActiveCfg = Debug|Any CPU
		{C88C6671-49C1-4D02-BFDD-DABFD625BB65}.Debug|Any CPU.Build.0 = Debug|Any CPU
		{C88C6671-49C1-4D02-BFDD-DABFD625BB65}.Release|Any CPU.ActiveCfg = Release|Any CPU
		{C88C6671-49C1-4D02-BFDD-DABFD625BB65}.Release|Any CPU.Build.0 = Release|Any CPU
		{A7641F25-7A93-4BDF-9DB0-C1B4174B15EE}.Debug|Any CPU.ActiveCfg = Debug|Any CPU
		{A7641F25-7A93-4BDF-9DB0-C1B4174B15EE}.Debug|Any CPU.Build.0 = Debug|Any CPU
		{A7641F25-7A93-4BDF-9DB0-C1B4174B15EE}.Release|Any CPU.ActiveCfg = Release|Any CPU
		{A7641F25-7A93-4BDF-9DB0-C1B4174B15EE}.Release|Any CPU.Build.0 = Release|Any CPU
	EndGlobalSection
	GlobalSection(SolutionProperties) = preSolution
		HideSolutionNode = FALSE
	EndGlobalSection
	GlobalSection(ExtensibilityGlobals) = postSolution
		SolutionGuid = {B4BC4FAF-24EB-403B-A5FA-BAC547DEB81D}
	EndGlobalSection
EndGlobal
